
Microsoft Visual Studio Solution File, Format Version 12.00
# Visual Studio Version 17
VisualStudioVersion = 17.2.32602.215
MinimumVisualStudioVersion = 10.0.40219.1
Project("{9A19103F-16F7-4668-BE54-9A1E7A4F7556}") = "ObjectOrientedProgrammingConcepts", "ObjectOrientedProgrammingConcepts.csproj", "{0A2AFEBA-0DC8-4549-8372-9A3319E7CE05}"
EndProject
Project("{9A19103F-16F7-4668-BE54-9A1E7A4F7556}") = "CoreConcepts", "..\CoreConcepts\CoreConcepts.csproj", "{D4A8AACC-D950-405B-9CF4-92DDFFBF39D7}"
EndProject
Project("{9A19103F-16F7-4668-BE54-9A1E7A4F7556}") = "DataStructures", "..\DataStructures\DataStructures.csproj", "{AAC99AB1-7D1D-4CCF-82DD-393B4FFCE096}"
EndProject
Project("{9A19103F-16F7-4668-BE54-9A1E7A4F7556}") = "StackQueue", "..\StackQueue\StackQueue.csproj", "{CF83A543-D0BD-4234-9884-DE9CFDC25198}"
EndProject
Project("{9A19103F-16F7-4668-BE54-9A1E7A4F7556}") = "Queue", "..\Queue\Queue.csproj", "{925D0FCC-AD6E-4CEB-9A51-F2927C40A8A3}"
EndProject
Project("{9A19103F-16F7-4668-BE54-9A1E7A4F7556}") = "Delegates", "..\Delegates\Delegates.csproj", "{8C5CE59E-FAEA-471D-896B-7F9788CF6BC4}"
EndProject
Project("{9A19103F-16F7-4668-BE54-9A1E7A4F7556}") = "RegularExpressions", "..\RegularExpressions\RegularExpressions.csproj", "{87835206-6FDD-4878-9CB8-AA796B6E6812}"
EndProject
Project("{9A19103F-16F7-4668-BE54-9A1E7A4F7556}") = "Exceptionstypes", "..\Exceptions\Exceptionstypes.csproj", "{B047863A-462F-4512-ABE8-AF87AE6AF0D3}"
EndProject
Project("{FAE04EC0-301F-11D3-BF4B-00C04F79EFBC}") = "GarbageCollections", "..\GarbageCollections\GarbageCollections.csproj", "{5192B8C1-FBB6-44C6-9435-7E4D2EA6440E}"
EndProject
Global
	GlobalSection(SolutionConfigurationPlatforms) = preSolution
		Debug|Any CPU = Debug|Any CPU
		Release|Any CPU = Release|Any CPU
	EndGlobalSection
	GlobalSection(ProjectConfigurationPlatforms) = postSolution
		{0A2AFEBA-0DC8-4549-8372-9A3319E7CE05}.Debug|Any CPU.ActiveCfg = Debug|Any CPU
		{0A2AFEBA-0DC8-4549-8372-9A3319E7CE05}.Debug|Any CPU.Build.0 = Debug|Any CPU
		{0A2AFEBA-0DC8-4549-8372-9A3319E7CE05}.Release|Any CPU.ActiveCfg = Release|Any CPU
		{0A2AFEBA-0DC8-4549-8372-9A3319E7CE05}.Release|Any CPU.Build.0 = Release|Any CPU
		{D4A8AACC-D950-405B-9CF4-92DDFFBF39D7}.Debug|Any CPU.ActiveCfg = Debug|Any CPU
		{D4A8AACC-D950-405B-9CF4-92DDFFBF39D7}.Debug|Any CPU.Build.0 = Debug|Any CPU
		{D4A8AACC-D950-405B-9CF4-92DDFFBF39D7}.Release|Any CPU.ActiveCfg = Release|Any CPU
		{D4A8AACC-D950-405B-9CF4-92DDFFBF39D7}.Release|Any CPU.Build.0 = Release|Any CPU
		{AAC99AB1-7D1D-4CCF-82DD-393B4FFCE096}.Debug|Any CPU.ActiveCfg = Debug|Any CPU
		{AAC99AB1-7D1D-4CCF-82DD-393B4FFCE096}.Debug|Any CPU.Build.0 = Debug|Any CPU
		{AAC99AB1-7D1D-4CCF-82DD-393B4FFCE096}.Release|Any CPU.ActiveCfg = Release|Any CPU
		{AAC99AB1-7D1D-4CCF-82DD-393B4FFCE096}.Release|Any CPU.Build.0 = Release|Any CPU
		{CF83A543-D0BD-4234-9884-DE9CFDC25198}.Debug|Any CPU.ActiveCfg = Debug|Any CPU
		{CF83A543-D0BD-4234-9884-DE9CFDC25198}.Debug|Any CPU.Build.0 = Debug|Any CPU
		{CF83A543-D0BD-4234-9884-DE9CFDC25198}.Release|Any CPU.ActiveCfg = Release|Any CPU
		{CF83A543-D0BD-4234-9884-DE9CFDC25198}.Release|Any CPU.Build.0 = Release|Any CPU
		{925D0FCC-AD6E-4CEB-9A51-F2927C40A8A3}.Debug|Any CPU.ActiveCfg = Debug|Any CPU
		{925D0FCC-AD6E-4CEB-9A51-F2927C40A8A3}.Debug|Any CPU.Build.0 = Debug|Any CPU
		{925D0FCC-AD6E-4CEB-9A51-F2927C40A8A3}.Release|Any CPU.ActiveCfg = Release|Any CPU
		{925D0FCC-AD6E-4CEB-9A51-F2927C40A8A3}.Release|Any CPU.Build.0 = Release|Any CPU
		{8C5CE59E-FAEA-471D-896B-7F9788CF6BC4}.Debug|Any CPU.ActiveCfg = Debug|Any CPU
		{8C5CE59E-FAEA-471D-896B-7F9788CF6BC4}.Debug|Any CPU.Build.0 = Debug|Any CPU
		{8C5CE59E-FAEA-471D-896B-7F9788CF6BC4}.Release|Any CPU.ActiveCfg = Release|Any CPU
		{8C5CE59E-FAEA-471D-896B-7F9788CF6BC4}.Release|Any CPU.Build.0 = Release|Any CPU
		{87835206-6FDD-4878-9CB8-AA796B6E6812}.Debug|Any CPU.ActiveCfg = Debug|Any CPU
		{87835206-6FDD-4878-9CB8-AA796B6E6812}.Debug|Any CPU.Build.0 = Debug|Any CPU
		{87835206-6FDD-4878-9CB8-AA796B6E6812}.Release|Any CPU.ActiveCfg = Release|Any CPU
		{87835206-6FDD-4878-9CB8-AA796B6E6812}.Release|Any CPU.Build.0 = Release|Any CPU
		{B047863A-462F-4512-ABE8-AF87AE6AF0D3}.Debug|Any CPU.ActiveCfg = Debug|Any CPU
		{B047863A-462F-4512-ABE8-AF87AE6AF0D3}.Debug|Any CPU.Build.0 = Debug|Any CPU
		{B047863A-462F-4512-ABE8-AF87AE6AF0D3}.Release|Any CPU.ActiveCfg = Release|Any CPU
		{B047863A-462F-4512-ABE8-AF87AE6AF0D3}.Release|Any CPU.Build.0 = Release|Any CPU
		{5192B8C1-FBB6-44C6-9435-7E4D2EA6440E}.Debug|Any CPU.ActiveCfg = Debug|Any CPU
		{5192B8C1-FBB6-44C6-9435-7E4D2EA6440E}.Debug|Any CPU.Build.0 = Debug|Any CPU
		{5192B8C1-FBB6-44C6-9435-7E4D2EA6440E}.Release|Any CPU.ActiveCfg = Release|Any CPU
		{5192B8C1-FBB6-44C6-9435-7E4D2EA6440E}.Release|Any CPU.Build.0 = Release|Any CPU
	EndGlobalSection
	GlobalSection(SolutionProperties) = preSolution
		HideSolutionNode = FALSE
	EndGlobalSection
	GlobalSection(ExtensibilityGlobals) = postSolution
		SolutionGuid = {327E5B87-FC50-423B-A942-F61870215DC4}
	EndGlobalSection
EndGlobal
